
Microsoft Visual Studio Solution File, Format Version 12.00
# Visual Studio 2013
VisualStudioVersion = 12.0.31101.0
MinimumVisualStudioVersion = 10.0.40219.1
Project("{FAE04EC0-301F-11D3-BF4B-00C04F79EFBC}") = "SituationalCentreApp", "SituationalCentreApp\SituationalCentreApp.csproj", "{B51E80ED-EA3C-4B36-8671-FA3ACD5B73E3}"
EndProject
Project("{FAE04EC0-301F-11D3-BF4B-00C04F79EFBC}") = "Domain", "Domain\Domain.csproj", "{FBA81B11-9336-4E73-817A-75E42D8013CB}"
EndProject
Project("{FAE04EC0-301F-11D3-BF4B-00C04F79EFBC}") = "BusinessLogic", "BusinessLogic\BusinessLogic.csproj", "{D5641DE7-D182-4986-AE83-AAA4C656EEA6}"
EndProject
Project("{FAE04EC0-301F-11D3-BF4B-00C04F79EFBC}") = "SituationalCentreApp_UnityTests", "SituationalCentreApp_UnityTests\SituationalCentreApp_UnityTests.csproj", "{912A3572-6F21-465B-B564-A4EE9D6F70C1}"
EndProject
Global
	GlobalSection(SolutionConfigurationPlatforms) = preSolution
		Debug|Any CPU = Debug|Any CPU
		Release|Any CPU = Release|Any CPU
	EndGlobalSection
	GlobalSection(ProjectConfigurationPlatforms) = postSolution
		{B51E80ED-EA3C-4B36-8671-FA3ACD5B73E3}.Debug|Any CPU.ActiveCfg = Debug|Any CPU
		{B51E80ED-EA3C-4B36-8671-FA3ACD5B73E3}.Debug|Any CPU.Build.0 = Debug|Any CPU
		{B51E80ED-EA3C-4B36-8671-FA3ACD5B73E3}.Release|Any CPU.ActiveCfg = Release|Any CPU
		{B51E80ED-EA3C-4B36-8671-FA3ACD5B73E3}.Release|Any CPU.Build.0 = Release|Any CPU
		{FBA81B11-9336-4E73-817A-75E42D8013CB}.Debug|Any CPU.ActiveCfg = Debug|Any CPU
		{FBA81B11-9336-4E73-817A-75E42D8013CB}.Debug|Any CPU.Build.0 = Debug|Any CPU
		{FBA81B11-9336-4E73-817A-75E42D8013CB}.Release|Any CPU.ActiveCfg = Release|Any CPU
		{FBA81B11-9336-4E73-817A-75E42D8013CB}.Release|Any CPU.Build.0 = Release|Any CPU
		{D5641DE7-D182-4986-AE83-AAA4C656EEA6}.Debug|Any CPU.ActiveCfg = Debug|Any CPU
		{D5641DE7-D182-4986-AE83-AAA4C656EEA6}.Debug|Any CPU.Build.0 = Debug|Any CPU
		{D5641DE7-D182-4986-AE83-AAA4C656EEA6}.Release|Any CPU.ActiveCfg = Release|Any CPU
		{D5641DE7-D182-4986-AE83-AAA4C656EEA6}.Release|Any CPU.Build.0 = Release|Any CPU
		{912A3572-6F21-465B-B564-A4EE9D6F70C1}.Debug|Any CPU.ActiveCfg = Debug|Any CPU
		{912A3572-6F21-465B-B564-A4EE9D6F70C1}.Debug|Any CPU.Build.0 = Debug|Any CPU
		{912A3572-6F21-465B-B564-A4EE9D6F70C1}.Release|Any CPU.ActiveCfg = Release|Any CPU
		{912A3572-6F21-465B-B564-A4EE9D6F70C1}.Release|Any CPU.Build.0 = Release|Any CPU
	EndGlobalSection
	GlobalSection(SolutionProperties) = preSolution
		HideSolutionNode = FALSE
	EndGlobalSection
EndGlobal
